// !$*UTF8*$!
{
	archiveVersion = 1;
	classes = {
	};
	objectVersion = 55;
	objects = {

/* Begin PBXBuildFile section */
		38503DAC2765E3DB00C62583 /* AppDelegate.swift in Sources */ = {isa = PBXBuildFile; fileRef = 38503DAB2765E3DB00C62583 /* AppDelegate.swift */; };
		38503DAE2765E3DB00C62583 /* SceneDelegate.swift in Sources */ = {isa = PBXBuildFile; fileRef = 38503DAD2765E3DB00C62583 /* SceneDelegate.swift */; };
		38503DB02765E3DB00C62583 /* ViewController.swift in Sources */ = {isa = PBXBuildFile; fileRef = 38503DAF2765E3DB00C62583 /* ViewController.swift */; };
		38503DB32765E3DB00C62583 /* Main.storyboard in Resources */ = {isa = PBXBuildFile; fileRef = 38503DB12765E3DB00C62583 /* Main.storyboard */; };
		38503DB52765E3DF00C62583 /* Assets.xcassets in Resources */ = {isa = PBXBuildFile; fileRef = 38503DB42765E3DF00C62583 /* Assets.xcassets */; };
		38503DB82765E3DF00C62583 /* LaunchScreen.storyboard in Resources */ = {isa = PBXBuildFile; fileRef = 38503DB62765E3DF00C62583 /* LaunchScreen.storyboard */; };
		38503DC32765E3DF00C62583 /* WastedYouTests.swift in Sources */ = {isa = PBXBuildFile; fileRef = 38503DC22765E3DF00C62583 /* WastedYouTests.swift */; };
		38503DCD2765E3E000C62583 /* WastedYouUITests.swift in Sources */ = {isa = PBXBuildFile; fileRef = 38503DCC2765E3E000C62583 /* WastedYouUITests.swift */; };
		38503DCF2765E3E000C62583 /* WastedYouUITestsLaunchTests.swift in Sources */ = {isa = PBXBuildFile; fileRef = 38503DCE2765E3E000C62583 /* WastedYouUITestsLaunchTests.swift */; };
/* End PBXBuildFile section */

/* Begin PBXContainerItemProxy section */
		38503DBF2765E3DF00C62583 /* PBXContainerItemProxy */ = {
			isa = PBXContainerItemProxy;
			containerPortal = 38503DA02765E3DB00C62583 /* Project object */;
			proxyType = 1;
			remoteGlobalIDString = 38503DA72765E3DB00C62583;
			remoteInfo = WastedYou;
		};
		38503DC92765E3E000C62583 /* PBXContainerItemProxy */ = {
			isa = PBXContainerItemProxy;
			containerPortal = 38503DA02765E3DB00C62583 /* Project object */;
			proxyType = 1;
			remoteGlobalIDString = 38503DA72765E3DB00C62583;
			remoteInfo = WastedYou;
		};
/* End PBXContainerItemProxy section */

/* Begin PBXFileReference section */
		38503DA82765E3DB00C62583 /* WastedYou.app */ = {isa = PBXFileReference; explicitFileType = wrapper.application; includeInIndex = 0; path = WastedYou.app; sourceTree = BUILT_PRODUCTS_DIR; };
		38503DAB2765E3DB00C62583 /* AppDelegate.swift */ = {isa = PBXFileReference; lastKnownFileType = sourcecode.swift; path = AppDelegate.swift; sourceTree = "<group>"; };
		38503DAD2765E3DB00C62583 /* SceneDelegate.swift */ = {isa = PBXFileReference; lastKnownFileType = sourcecode.swift; path = SceneDelegate.swift; sourceTree = "<group>"; };
		38503DAF2765E3DB00C62583 /* ViewController.swift */ = {isa = PBXFileReference; lastKnownFileType = sourcecode.swift; path = ViewController.swift; sourceTree = "<group>"; };
		38503DB22765E3DB00C62583 /* Base */ = {isa = PBXFileReference; lastKnownFileType = file.storyboard; name = Base; path = Base.lproj/Main.storyboard; sourceTree = "<group>"; };
		38503DB42765E3DF00C62583 /* Assets.xcassets */ = {isa = PBXFileReference; lastKnownFileType = folder.assetcatalog; path = Assets.xcassets; sourceTree = "<group>"; };
		38503DB72765E3DF00C62583 /* Base */ = {isa = PBXFileReference; lastKnownFileType = file.storyboard; name = Base; path = Base.lproj/LaunchScreen.storyboard; sourceTree = "<group>"; };
		38503DB92765E3DF00C62583 /* Info.plist */ = {isa = PBXFileReference; lastKnownFileType = text.plist.xml; path = Info.plist; sourceTree = "<group>"; };
		38503DBE2765E3DF00C62583 /* WastedYouTests.xctest */ = {isa = PBXFileReference; explicitFileType = wrapper.cfbundle; includeInIndex = 0; path = WastedYouTests.xctest; sourceTree = BUILT_PRODUCTS_DIR; };
		38503DC22765E3DF00C62583 /* WastedYouTests.swift */ = {isa = PBXFileReference; lastKnownFileType = sourcecode.swift; path = WastedYouTests.swift; sourceTree = "<group>"; };
		38503DC82765E3DF00C62583 /* WastedYouUITests.xctest */ = {isa = PBXFileReference; explicitFileType = wrapper.cfbundle; includeInIndex = 0; path = WastedYouUITests.xctest; sourceTree = BUILT_PRODUCTS_DIR; };
		38503DCC2765E3E000C62583 /* WastedYouUITests.swift */ = {isa = PBXFileReference; lastKnownFileType = sourcecode.swift; path = WastedYouUITests.swift; sourceTree = "<group>"; };
		38503DCE2765E3E000C62583 /* WastedYouUITestsLaunchTests.swift */ = {isa = PBXFileReference; lastKnownFileType = sourcecode.swift; path = WastedYouUITestsLaunchTests.swift; sourceTree = "<group>"; };
/* End PBXFileReference section */

/* Begin PBXFrameworksBuildPhase section */
		38503DA52765E3DB00C62583 /* Frameworks */ = {
			isa = PBXFrameworksBuildPhase;
			buildActionMask = 2147483647;
			files = (
			);
			runOnlyForDeploymentPostprocessing = 0;
		};
		38503DBB2765E3DF00C62583 /* Frameworks */ = {
			isa = PBXFrameworksBuildPhase;
			buildActionMask = 2147483647;
			files = (
			);
			runOnlyForDeploymentPostprocessing = 0;
		};
		38503DC52765E3DF00C62583 /* Frameworks */ = {
			isa = PBXFrameworksBuildPhase;
			buildActionMask = 2147483647;
			files = (
			);
			runOnlyForDeploymentPostprocessing = 0;
		};
/* End PBXFrameworksBuildPhase section */

/* Begin PBXGroup section */
		38503D9F2765E3DB00C62583 = {
			isa = PBXGroup;
			children = (
				38503DAA2765E3DB00C62583 /* WastedYou */,
				38503DC12765E3DF00C62583 /* WastedYouTests */,
				38503DCB2765E3E000C62583 /* WastedYouUITests */,
				38503DA92765E3DB00C62583 /* Products */,
			);
			sourceTree = "<group>";
		};
		38503DA92765E3DB00C62583 /* Products */ = {
			isa = PBXGroup;
			children = (
				38503DA82765E3DB00C62583 /* WastedYou.app */,
				38503DBE2765E3DF00C62583 /* WastedYouTests.xctest */,
				38503DC82765E3DF00C62583 /* WastedYouUITests.xctest */,
			);
			name = Products;
			sourceTree = "<group>";
		};
		38503DAA2765E3DB00C62583 /* WastedYou */ = {
			isa = PBXGroup;
			children = (
				38503DDB2765E5AA00C62583 /* Controllers */,
				38503DAB2765E3DB00C62583 /* AppDelegate.swift */,
				38503DAD2765E3DB00C62583 /* SceneDelegate.swift */,
				38503DAF2765E3DB00C62583 /* ViewController.swift */,
				38503DB12765E3DB00C62583 /* Main.storyboard */,
				38503DB42765E3DF00C62583 /* Assets.xcassets */,
				38503DB62765E3DF00C62583 /* LaunchScreen.storyboard */,
				38503DB92765E3DF00C62583 /* Info.plist */,
			);
			path = WastedYou;
			sourceTree = "<group>";
		};
		38503DC12765E3DF00C62583 /* WastedYouTests */ = {
			isa = PBXGroup;
			children = (
				38503DC22765E3DF00C62583 /* WastedYouTests.swift */,
			);
			path = WastedYouTests;
			sourceTree = "<group>";
		};
		38503DCB2765E3E000C62583 /* WastedYouUITests */ = {
			isa = PBXGroup;
			children = (
				38503DCC2765E3E000C62583 /* WastedYouUITests.swift */,
				38503DCE2765E3E000C62583 /* WastedYouUITestsLaunchTests.swift */,
			);
			path = WastedYouUITests;
			sourceTree = "<group>";
		};
		38503DDB2765E5AA00C62583 /* Controllers */ = {
			isa = PBXGroup;
			children = (
				38503DDF2765E72300C62583 /* Map */,
				38503DDE2765E70800C62583 /* Letter */,
				38503DDC2765E63700C62583 /* Top */,
			);
			path = Controllers;
			sourceTree = "<group>";
		};
		38503DDC2765E63700C62583 /* Top */ = {
			isa = PBXGroup;
			children = (
			);
			path = Top;
			sourceTree = "<group>";
		};
		38503DDE2765E70800C62583 /* Letter */ = {
			isa = PBXGroup;
			children = (
			);
			path = Letter;
			sourceTree = "<group>";
		};
		38503DDF2765E72300C62583 /* Map */ = {
			isa = PBXGroup;
			children = (
			);
			path = Map;
			sourceTree = "<group>";
		};
/* End PBXGroup section */

/* Begin PBXNativeTarget section */
		38503DA72765E3DB00C62583 /* WastedYou */ = {
			isa = PBXNativeTarget;
			buildConfigurationList = 38503DD22765E3E000C62583 /* Build configuration list for PBXNativeTarget "WastedYou" */;
			buildPhases = (
				38503DA42765E3DB00C62583 /* Sources */,
				38503DA52765E3DB00C62583 /* Frameworks */,
				38503DA62765E3DB00C62583 /* Resources */,
			);
			buildRules = (
			);
			dependencies = (
			);
			name = WastedYou;
			productName = WastedYou;
			productReference = 38503DA82765E3DB00C62583 /* WastedYou.app */;
			productType = "com.apple.product-type.application";
		};
		38503DBD2765E3DF00C62583 /* WastedYouTests */ = {
			isa = PBXNativeTarget;
			buildConfigurationList = 38503DD52765E3E000C62583 /* Build configuration list for PBXNativeTarget "WastedYouTests" */;
			buildPhases = (
				38503DBA2765E3DF00C62583 /* Sources */,
				38503DBB2765E3DF00C62583 /* Frameworks */,
				38503DBC2765E3DF00C62583 /* Resources */,
			);
			buildRules = (
			);
			dependencies = (
				38503DC02765E3DF00C62583 /* PBXTargetDependency */,
			);
			name = WastedYouTests;
			productName = WastedYouTests;
			productReference = 38503DBE2765E3DF00C62583 /* WastedYouTests.xctest */;
			productType = "com.apple.product-type.bundle.unit-test";
		};
		38503DC72765E3DF00C62583 /* WastedYouUITests */ = {
			isa = PBXNativeTarget;
			buildConfigurationList = 38503DD82765E3E000C62583 /* Build configuration list for PBXNativeTarget "WastedYouUITests" */;
			buildPhases = (
				38503DC42765E3DF00C62583 /* Sources */,
				38503DC52765E3DF00C62583 /* Frameworks */,
				38503DC62765E3DF00C62583 /* Resources */,
			);
			buildRules = (
			);
			dependencies = (
				38503DCA2765E3E000C62583 /* PBXTargetDependency */,
			);
			name = WastedYouUITests;
			productName = WastedYouUITests;
			productReference = 38503DC82765E3DF00C62583 /* WastedYouUITests.xctest */;
			productType = "com.apple.product-type.bundle.ui-testing";
		};
/* End PBXNativeTarget section */

/* Begin PBXProject section */
		38503DA02765E3DB00C62583 /* Project object */ = {
			isa = PBXProject;
			attributes = {
				BuildIndependentTargetsInParallel = 1;
				LastSwiftUpdateCheck = 1310;
				LastUpgradeCheck = 1310;
				TargetAttributes = {
					38503DA72765E3DB00C62583 = {
						CreatedOnToolsVersion = 13.1;
					};
					38503DBD2765E3DF00C62583 = {
						CreatedOnToolsVersion = 13.1;
						TestTargetID = 38503DA72765E3DB00C62583;
					};
					38503DC72765E3DF00C62583 = {
						CreatedOnToolsVersion = 13.1;
						TestTargetID = 38503DA72765E3DB00C62583;
					};
				};
			};
			buildConfigurationList = 38503DA32765E3DB00C62583 /* Build configuration list for PBXProject "WastedYou" */;
			compatibilityVersion = "Xcode 13.0";
			developmentRegion = en;
			hasScannedForEncodings = 0;
			knownRegions = (
				en,
				Base,
			);
			mainGroup = 38503D9F2765E3DB00C62583;
			productRefGroup = 38503DA92765E3DB00C62583 /* Products */;
			projectDirPath = "";
			projectRoot = "";
			targets = (
				38503DA72765E3DB00C62583 /* WastedYou */,
				38503DBD2765E3DF00C62583 /* WastedYouTests */,
				38503DC72765E3DF00C62583 /* WastedYouUITests */,
			);
		};
/* End PBXProject section */

/* Begin PBXResourcesBuildPhase section */
		38503DA62765E3DB00C62583 /* Resources */ = {
			isa = PBXResourcesBuildPhase;
			buildActionMask = 2147483647;
			files = (
				38503DB82765E3DF00C62583 /* LaunchScreen.storyboard in Resources */,
				38503DB52765E3DF00C62583 /* Assets.xcassets in Resources */,
				38503DB32765E3DB00C62583 /* Main.storyboard in Resources */,
			);
			runOnlyForDeploymentPostprocessing = 0;
		};
		38503DBC2765E3DF00C62583 /* Resources */ = {
			isa = PBXResourcesBuildPhase;
			buildActionMask = 2147483647;
			files = (
			);
			runOnlyForDeploymentPostprocessing = 0;
		};
		38503DC62765E3DF00C62583 /* Resources */ = {
			isa = PBXResourcesBuildPhase;
			buildActionMask = 2147483647;
			files = (
			);
			runOnlyForDeploymentPostprocessing = 0;
		};
/* End PBXResourcesBuildPhase section */

/* Begin PBXSourcesBuildPhase section */
		38503DA42765E3DB00C62583 /* Sources */ = {
			isa = PBXSourcesBuildPhase;
			buildActionMask = 2147483647;
			files = (
				38503DB02765E3DB00C62583 /* ViewController.swift in Sources */,
				38503DAC2765E3DB00C62583 /* AppDelegate.swift in Sources */,
				38503DAE2765E3DB00C62583 /* SceneDelegate.swift in Sources */,
			);
			runOnlyForDeploymentPostprocessing = 0;
		};
		38503DBA2765E3DF00C62583 /* Sources */ = {
			isa = PBXSourcesBuildPhase;
			buildActionMask = 2147483647;
			files = (
				38503DC32765E3DF00C62583 /* WastedYouTests.swift in Sources */,
			);
			runOnlyForDeploymentPostprocessing = 0;
		};
		38503DC42765E3DF00C62583 /* Sources */ = {
			isa = PBXSourcesBuildPhase;
			buildActionMask = 2147483647;
			files = (
				38503DCF2765E3E000C62583 /* WastedYouUITestsLaunchTests.swift in Sources */,
				38503DCD2765E3E000C62583 /* WastedYouUITests.swift in Sources */,
			);
			runOnlyForDeploymentPostprocessing = 0;
		};
/* End PBXSourcesBuildPhase section */

/* Begin PBXTargetDependency section */
		38503DC02765E3DF00C62583 /* PBXTargetDependency */ = {
			isa = PBXTargetDependency;
			target = 38503DA72765E3DB00C62583 /* WastedYou */;
			targetProxy = 38503DBF2765E3DF00C62583 /* PBXContainerItemProxy */;
		};
		38503DCA2765E3E000C62583 /* PBXTargetDependency */ = {
			isa = PBXTargetDependency;
			target = 38503DA72765E3DB00C62583 /* WastedYou */;
			targetProxy = 38503DC92765E3E000C62583 /* PBXContainerItemProxy */;
		};
/* End PBXTargetDependency section */

/* Begin PBXVariantGroup section */
		38503DB12765E3DB00C62583 /* Main.storyboard */ = {
			isa = PBXVariantGroup;
			children = (
				38503DB22765E3DB00C62583 /* Base */,
			);
			name = Main.storyboard;
			sourceTree = "<group>";
		};
		38503DB62765E3DF00C62583 /* LaunchScreen.storyboard */ = {
			isa = PBXVariantGroup;
			children = (
				38503DB72765E3DF00C62583 /* Base */,
			);
			name = LaunchScreen.storyboard;
			sourceTree = "<group>";
		};
/* End PBXVariantGroup section */

/* Begin XCBuildConfiguration section */
		38503DD02765E3E000C62583 /* Debug */ = {
			isa = XCBuildConfiguration;
			buildSettings = {
				ALWAYS_SEARCH_USER_PATHS = NO;
				CLANG_ANALYZER_NONNULL = YES;
				CLANG_ANALYZER_NUMBER_OBJECT_CONVERSION = YES_AGGRESSIVE;
				CLANG_CXX_LANGUAGE_STANDARD = "gnu++17";
				CLANG_CXX_LIBRARY = "libc++";
				CLANG_ENABLE_MODULES = YES;
				CLANG_ENABLE_OBJC_ARC = YES;
				CLANG_ENABLE_OBJC_WEAK = YES;
				CLANG_WARN_BLOCK_CAPTURE_AUTORELEASING = YES;
				CLANG_WARN_BOOL_CONVERSION = YES;
				CLANG_WARN_COMMA = YES;
				CLANG_WARN_CONSTANT_CONVERSION = YES;
				CLANG_WARN_DEPRECATED_OBJC_IMPLEMENTATIONS = YES;
				CLANG_WARN_DIRECT_OBJC_ISA_USAGE = YES_ERROR;
				CLANG_WARN_DOCUMENTATION_COMMENTS = YES;
				CLANG_WARN_EMPTY_BODY = YES;
				CLANG_WARN_ENUM_CONVERSION = YES;
				CLANG_WARN_INFINITE_RECURSION = YES;
				CLANG_WARN_INT_CONVERSION = YES;
				CLANG_WARN_NON_LITERAL_NULL_CONVERSION = YES;
				CLANG_WARN_OBJC_IMPLICIT_RETAIN_SELF = YES;
				CLANG_WARN_OBJC_LITERAL_CONVERSION = YES;
				CLANG_WARN_OBJC_ROOT_CLASS = YES_ERROR;
				CLANG_WARN_QUOTED_INCLUDE_IN_FRAMEWORK_HEADER = YES;
				CLANG_WARN_RANGE_LOOP_ANALYSIS = YES;
				CLANG_WARN_STRICT_PROTOTYPES = YES;
				CLANG_WARN_SUSPICIOUS_MOVE = YES;
				CLANG_WARN_UNGUARDED_AVAILABILITY = YES_AGGRESSIVE;
				CLANG_WARN_UNREACHABLE_CODE = YES;
				CLANG_WARN__DUPLICATE_METHOD_MATCH = YES;
				COPY_PHASE_STRIP = NO;
				DEBUG_INFORMATION_FORMAT = dwarf;
				ENABLE_STRICT_OBJC_MSGSEND = YES;
				ENABLE_TESTABILITY = YES;
				GCC_C_LANGUAGE_STANDARD = gnu11;
				GCC_DYNAMIC_NO_PIC = NO;
				GCC_NO_COMMON_BLOCKS = YES;
				GCC_OPTIMIZATION_LEVEL = 0;
				GCC_PREPROCESSOR_DEFINITIONS = (
					"DEBUG=1",
					"$(inherited)",
				);
				GCC_WARN_64_TO_32_BIT_CONVERSION = YES;
				GCC_WARN_ABOUT_RETURN_TYPE = YES_ERROR;
				GCC_WARN_UNDECLARED_SELECTOR = YES;
				GCC_WARN_UNINITIALIZED_AUTOS = YES_AGGRESSIVE;
				GCC_WARN_UNUSED_FUNCTION = YES;
				GCC_WARN_UNUSED_VARIABLE = YES;
				IPHONEOS_DEPLOYMENT_TARGET = 15.0;
				MTL_ENABLE_DEBUG_INFO = INCLUDE_SOURCE;
				MTL_FAST_MATH = YES;
				ONLY_ACTIVE_ARCH = YES;
				SDKROOT = iphoneos;
				SWIFT_ACTIVE_COMPILATION_CONDITIONS = DEBUG;
				SWIFT_OPTIMIZATION_LEVEL = "-Onone";
			};
			name = Debug;
		};
		38503DD12765E3E000C62583 /* Release */ = {
			isa = XCBuildConfiguration;
			buildSettings = {
				ALWAYS_SEARCH_USER_PATHS = NO;
				CLANG_ANALYZER_NONNULL = YES;
				CLANG_ANALYZER_NUMBER_OBJECT_CONVERSION = YES_AGGRESSIVE;
				CLANG_CXX_LANGUAGE_STANDARD = "gnu++17";
				CLANG_CXX_LIBRARY = "libc++";
				CLANG_ENABLE_MODULES = YES;
				CLANG_ENABLE_OBJC_ARC = YES;
				CLANG_ENABLE_OBJC_WEAK = YES;
				CLANG_WARN_BLOCK_CAPTURE_AUTORELEASING = YES;
				CLANG_WARN_BOOL_CONVERSION = YES;
				CLANG_WARN_COMMA = YES;
				CLANG_WARN_CONSTANT_CONVERSION = YES;
				CLANG_WARN_DEPRECATED_OBJC_IMPLEMENTATIONS = YES;
				CLANG_WARN_DIRECT_OBJC_ISA_USAGE = YES_ERROR;
				CLANG_WARN_DOCUMENTATION_COMMENTS = YES;
				CLANG_WARN_EMPTY_BODY = YES;
				CLANG_WARN_ENUM_CONVERSION = YES;
				CLANG_WARN_INFINITE_RECURSION = YES;
				CLANG_WARN_INT_CONVERSION = YES;
				CLANG_WARN_NON_LITERAL_NULL_CONVERSION = YES;
				CLANG_WARN_OBJC_IMPLICIT_RETAIN_SELF = YES;
				CLANG_WARN_OBJC_LITERAL_CONVERSION = YES;
				CLANG_WARN_OBJC_ROOT_CLASS = YES_ERROR;
				CLANG_WARN_QUOTED_INCLUDE_IN_FRAMEWORK_HEADER = YES;
				CLANG_WARN_RANGE_LOOP_ANALYSIS = YES;
				CLANG_WARN_STRICT_PROTOTYPES = YES;
				CLANG_WARN_SUSPICIOUS_MOVE = YES;
				CLANG_WARN_UNGUARDED_AVAILABILITY = YES_AGGRESSIVE;
				CLANG_WARN_UNREACHABLE_CODE = YES;
				CLANG_WARN__DUPLICATE_METHOD_MATCH = YES;
				COPY_PHASE_STRIP = NO;
				DEBUG_INFORMATION_FORMAT = "dwarf-with-dsym";
				ENABLE_NS_ASSERTIONS = NO;
				ENABLE_STRICT_OBJC_MSGSEND = YES;
				GCC_C_LANGUAGE_STANDARD = gnu11;
				GCC_NO_COMMON_BLOCKS = YES;
				GCC_WARN_64_TO_32_BIT_CONVERSION = YES;
				GCC_WARN_ABOUT_RETURN_TYPE = YES_ERROR;
				GCC_WARN_UNDECLARED_SELECTOR = YES;
				GCC_WARN_UNINITIALIZED_AUTOS = YES_AGGRESSIVE;
				GCC_WARN_UNUSED_FUNCTION = YES;
				GCC_WARN_UNUSED_VARIABLE = YES;
				IPHONEOS_DEPLOYMENT_TARGET = 15.0;
				MTL_ENABLE_DEBUG_INFO = NO;
				MTL_FAST_MATH = YES;
				SDKROOT = iphoneos;
				SWIFT_COMPILATION_MODE = wholemodule;
				SWIFT_OPTIMIZATION_LEVEL = "-O";
				VALIDATE_PRODUCT = YES;
			};
			name = Release;
		};
		38503DD32765E3E000C62583 /* Debug */ = {
			isa = XCBuildConfiguration;
			buildSettings = {
				ASSETCATALOG_COMPILER_APPICON_NAME = AppIcon;
				ASSETCATALOG_COMPILER_GLOBAL_ACCENT_COLOR_NAME = AccentColor;
				CODE_SIGN_STYLE = Automatic;
				CURRENT_PROJECT_VERSION = 1;
				DEVELOPMENT_TEAM = 5JW9RR8FC8;
				GENERATE_INFOPLIST_FILE = YES;
				INFOPLIST_FILE = WastedYou/Info.plist;
				INFOPLIST_KEY_UIApplicationSupportsIndirectInputEvents = YES;
				INFOPLIST_KEY_UILaunchStoryboardName = LaunchScreen;
				INFOPLIST_KEY_UIMainStoryboardFile = Main;
				INFOPLIST_KEY_UISupportedInterfaceOrientations_iPad = "UIInterfaceOrientationPortrait UIInterfaceOrientationPortraitUpsideDown UIInterfaceOrientationLandscapeLeft UIInterfaceOrientationLandscapeRight";
				INFOPLIST_KEY_UISupportedInterfaceOrientations_iPhone = "UIInterfaceOrientationPortrait UIInterfaceOrientationLandscapeLeft UIInterfaceOrientationLandscapeRight";
				LD_RUNPATH_SEARCH_PATHS = (
					"$(inherited)",
					"@executable_path/Frameworks",
				);
				MARKETING_VERSION = 1.0;
				PRODUCT_BUNDLE_IDENTIFIER = com.WastedYou;
				PRODUCT_NAME = "$(TARGET_NAME)";
				SWIFT_EMIT_LOC_STRINGS = YES;
				SWIFT_VERSION = 5.0;
				TARGETED_DEVICE_FAMILY = "1,2";
			};
			name = Debug;
		};
		38503DD42765E3E000C62583 /* Release */ = {
			isa = XCBuildConfiguration;
			buildSettings = {
				ASSETCATALOG_COMPILER_APPICON_NAME = AppIcon;
				ASSETCATALOG_COMPILER_GLOBAL_ACCENT_COLOR_NAME = AccentColor;
				CODE_SIGN_STYLE = Automatic;
				CURRENT_PROJECT_VERSION = 1;
				DEVELOPMENT_TEAM = 5JW9RR8FC8;
				GENERATE_INFOPLIST_FILE = YES;
				INFOPLIST_FILE = WastedYou/Info.plist;
				INFOPLIST_KEY_UIApplicationSupportsIndirectInputEvents = YES;
				INFOPLIST_KEY_UILaunchStoryboardName = LaunchScreen;
				INFOPLIST_KEY_UIMainStoryboardFile = Main;
				INFOPLIST_KEY_UISupportedInterfaceOrientations_iPad = "UIInterfaceOrientationPortrait UIInterfaceOrientationPortraitUpsideDown UIInterfaceOrientationLandscapeLeft UIInterfaceOrientationLandscapeRight";
				INFOPLIST_KEY_UISupportedInterfaceOrientations_iPhone = "UIInterfaceOrientationPortrait UIInterfaceOrientationLandscapeLeft UIInterfaceOrientationLandscapeRight";
				LD_RUNPATH_SEARCH_PATHS = (
					"$(inherited)",
					"@executable_path/Frameworks",
				);
				MARKETING_VERSION = 1.0;
				PRODUCT_BUNDLE_IDENTIFIER = com.WastedYou;
				PRODUCT_NAME = "$(TARGET_NAME)";
				SWIFT_EMIT_LOC_STRINGS = YES;
				SWIFT_VERSION = 5.0;
				TARGETED_DEVICE_FAMILY = "1,2";
			};
			name = Release;
		};
		38503DD62765E3E000C62583 /* Debug */ = {
			isa = XCBuildConfiguration;
			buildSettings = {
				ALWAYS_EMBED_SWIFT_STANDARD_LIBRARIES = YES;
				BUNDLE_LOADER = "$(TEST_HOST)";
				CODE_SIGN_STYLE = Automatic;
				CURRENT_PROJECT_VERSION = 1;
				DEVELOPMENT_TEAM = 5JW9RR8FC8;
				GENERATE_INFOPLIST_FILE = YES;
				IPHONEOS_DEPLOYMENT_TARGET = 15.0;
				LD_RUNPATH_SEARCH_PATHS = (
					"$(inherited)",
					"@executable_path/Frameworks",
					"@loader_path/Frameworks",
				);
				MARKETING_VERSION = 1.0;
				PRODUCT_BUNDLE_IDENTIFIER = com.WastedYouTests;
				PRODUCT_NAME = "$(TARGET_NAME)";
				SWIFT_EMIT_LOC_STRINGS = NO;
				SWIFT_VERSION = 5.0;
				TARGETED_DEVICE_FAMILY = "1,2";
				TEST_HOST = "$(BUILT_PRODUCTS_DIR)/WastedYou.app/WastedYou";
			};
			name = Debug;
		};
		38503DD72765E3E000C62583 /* Release */ = {
			isa = XCBuildConfiguration;
			buildSettings = {
				ALWAYS_EMBED_SWIFT_STANDARD_LIBRARIES = YES;
				BUNDLE_LOADER = "$(TEST_HOST)";
				CODE_SIGN_STYLE = Automatic;
				CURRENT_PROJECT_VERSION = 1;
				DEVELOPMENT_TEAM = 5JW9RR8FC8;
				GENERATE_INFOPLIST_FILE = YES;
				IPHONEOS_DEPLOYMENT_TARGET = 15.0;
				LD_RUNPATH_SEARCH_PATHS = (
					"$(inherited)",
					"@executable_path/Frameworks",
					"@loader_path/Frameworks",
				);
				MARKETING_VERSION = 1.0;
				PRODUCT_BUNDLE_IDENTIFIER = com.WastedYouTests;
				PRODUCT_NAME = "$(TARGET_NAME)";
				SWIFT_EMIT_LOC_STRINGS = NO;
				SWIFT_VERSION = 5.0;
				TARGETED_DEVICE_FAMILY = "1,2";
				TEST_HOST = "$(BUILT_PRODUCTS_DIR)/WastedYou.app/WastedYou";
			};
			name = Release;
		};
		38503DD92765E3E000C62583 /* Debug */ = {
			isa = XCBuildConfiguration;
			buildSettings = {
				ALWAYS_EMBED_SWIFT_STANDARD_LIBRARIES = YES;
				CODE_SIGN_STYLE = Automatic;
				CURRENT_PROJECT_VERSION = 1;
				DEVELOPMENT_TEAM = 5JW9RR8FC8;
				GENERATE_INFOPLIST_FILE = YES;
				LD_RUNPATH_SEARCH_PATHS = (
					"$(inherited)",
					"@executable_path/Frameworks",
					"@loader_path/Frameworks",
				);
				MARKETING_VERSION = 1.0;
				PRODUCT_BUNDLE_IDENTIFIER = com.WastedYouUITests;
				PRODUCT_NAME = "$(TARGET_NAME)";
				SWIFT_EMIT_LOC_STRINGS = NO;
				SWIFT_VERSION = 5.0;
				TARGETED_DEVICE_FAMILY = "1,2";
				TEST_TARGET_NAME = WastedYou;
			};
			name = Debug;
		};
		38503DDA2765E3E000C62583 /* Release */ = {
			isa = XCBuildConfiguration;
			buildSettings = {
				ALWAYS_EMBED_SWIFT_STANDARD_LIBRARIES = YES;
				CODE_SIGN_STYLE = Automatic;
				CURRENT_PROJECT_VERSION = 1;
				DEVELOPMENT_TEAM = 5JW9RR8FC8;
				GENERATE_INFOPLIST_FILE = YES;
				LD_RUNPATH_SEARCH_PATHS = (
					"$(inherited)",
					"@executable_path/Frameworks",
					"@loader_path/Frameworks",
				);
				MARKETING_VERSION = 1.0;
				PRODUCT_BUNDLE_IDENTIFIER = com.WastedYouUITests;
				PRODUCT_NAME = "$(TARGET_NAME)";
				SWIFT_EMIT_LOC_STRINGS = NO;
				SWIFT_VERSION = 5.0;
				TARGETED_DEVICE_FAMILY = "1,2";
				TEST_TARGET_NAME = WastedYou;
			};
			name = Release;
		};
/* End XCBuildConfiguration section */

/* Begin XCConfigurationList section */
		38503DA32765E3DB00C62583 /* Build configuration list for PBXProject "WastedYou" */ = {
			isa = XCConfigurationList;
			buildConfigurations = (
				38503DD02765E3E000C62583 /* Debug */,
				38503DD12765E3E000C62583 /* Release */,
			);
			defaultConfigurationIsVisible = 0;
			defaultConfigurationName = Release;
		};
		38503DD22765E3E000C62583 /* Build configuration list for PBXNativeTarget "WastedYou" */ = {
			isa = XCConfigurationList;
			buildConfigurations = (
				38503DD32765E3E000C62583 /* Debug */,
				38503DD42765E3E000C62583 /* Release */,
			);
			defaultConfigurationIsVisible = 0;
			defaultConfigurationName = Release;
		};
		38503DD52765E3E000C62583 /* Build configuration list for PBXNativeTarget "WastedYouTests" */ = {
			isa = XCConfigurationList;
			buildConfigurations = (
				38503DD62765E3E000C62583 /* Debug */,
				38503DD72765E3E000C62583 /* Release */,
			);
			defaultConfigurationIsVisible = 0;
			defaultConfigurationName = Release;
		};
		38503DD82765E3E000C62583 /* Build configuration list for PBXNativeTarget "WastedYouUITests" */ = {
			isa = XCConfigurationList;
			buildConfigurations = (
				38503DD92765E3E000C62583 /* Debug */,
				38503DDA2765E3E000C62583 /* Release */,
			);
			defaultConfigurationIsVisible = 0;
			defaultConfigurationName = Release;
		};
/* End XCConfigurationList section */
	};
	rootObject = 38503DA02765E3DB00C62583 /* Project object */;
}
